Microsoft Visual Studio Solution File, Format Version 12.00
# Visual Studio Version 17
VisualStudioVersion = 17.5.2.0
MinimumVisualStudioVersion = 10.0.40219.1
Project("{FAE04EC0-301F-11D3-BF4B-00C04F79EFBC}") = "AIvsHuman_C#", "AIvsHuman_C#.csproj", "{29855738-0CB0-B1D2-017D-F4F05D464B42}"
EndProject
Global
	GlobalSection(SolutionConfigurationPlatforms) = preSolution
		Debug|Any CPU = Debug|Any CPU
		Release|Any CPU = Release|Any CPU
	EndGlobalSection
	GlobalSection(ProjectConfigurationPlatforms) = postSolution
		{29855738-0CB0-B1D2-017D-F4F05D464B42}.Debug|Any CPU.ActiveCfg = Debug|Any CPU
		{29855738-0CB0-B1D2-017D-F4F05D464B42}.Debug|Any CPU.Build.0 = Debug|Any CPU
		{29855738-0CB0-B1D2-017D-F4F05D464B42}.Release|Any CPU.ActiveCfg = Release|Any CPU
		{29855738-0CB0-B1D2-017D-F4F05D464B42}.Release|Any CPU.Build.0 = Release|Any CPU
	EndGlobalSection
	GlobalSection(SolutionProperties) = preSolution
		HideSolutionNode = FALSE
	EndGlobalSection
	GlobalSection(ExtensibilityGlobals) = postSolution
		SolutionGuid = {1F43240E-3EB2-4741-BE3F-4C95236FA7E2}
	EndGlobalSection
EndGlobal
